
Microsoft Visual Studio Solution File, Format Version 12.00
# Visual Studio Version 17
VisualStudioVersion = 17.1.32228.430
MinimumVisualStudioVersion = 10.0.40219.1
Project("{FAE04EC0-301F-11D3-BF4B-00C04F79EFBC}") = "OkWhoa.Website", "OkWhoa.Website\OkWhoa.Website.csproj", "{22833A3B-6B55-40E7-80F4-8E50AEE798ED}"
EndProject
Project("{FAE04EC0-301F-11D3-BF4B-00C04F79EFBC}") = "OkWhoa.Data", "OkWhoa.Data\OkWhoa.Data.csproj", "{28680F0B-2A55-4FA1-9CDE-2A748986D783}"
EndProject
Global
	GlobalSection(SolutionConfigurationPlatforms) = preSolution
		Debug|Any CPU = Debug|Any CPU
		Release|Any CPU = Release|Any CPU
	EndGlobalSection
	GlobalSection(ProjectConfigurationPlatforms) = postSolution
		{22833A3B-6B55-40E7-80F4-8E50AEE798ED}.Debug|Any CPU.ActiveCfg = Debug|Any CPU
		{22833A3B-6B55-40E7-80F4-8E50AEE798ED}.Debug|Any CPU.Build.0 = Debug|Any CPU
		{22833A3B-6B55-40E7-80F4-8E50AEE798ED}.Release|Any CPU.ActiveCfg = Release|Any CPU
		{22833A3B-6B55-40E7-80F4-8E50AEE798ED}.Release|Any CPU.Build.0 = Release|Any CPU
		{28680F0B-2A55-4FA1-9CDE-2A748986D783}.Debug|Any CPU.ActiveCfg = Debug|Any CPU
		{28680F0B-2A55-4FA1-9CDE-2A748986D783}.Debug|Any CPU.Build.0 = Debug|Any CPU
		{28680F0B-2A55-4FA1-9CDE-2A748986D783}.Release|Any CPU.ActiveCfg = Release|Any CPU
		{28680F0B-2A55-4FA1-9CDE-2A748986D783}.Release|Any CPU.Build.0 = Release|Any CPU
	EndGlobalSection
	GlobalSection(SolutionProperties) = preSolution
		HideSolutionNode = FALSE
	EndGlobalSection
	GlobalSection(ExtensibilityGlobals) = postSolution
		SolutionGuid = {034157F6-4AE5-4EAF-89A9-160374C10A11}
	EndGlobalSection
EndGlobal
